
Microsoft Visual Studio Solution File, Format Version 12.00
# Visual Studio Version 16
VisualStudioVersion = 16.0.29409.12
MinimumVisualStudioVersion = 10.0.40219.1
Project("{9A19103F-16F7-4668-BE54-9A1E7A4F7556}") = "DatabaseSampler", "DatabaseSampler\DatabaseSampler.csproj", "{96BB8313-489C-4A0B-9697-47DA5E9566A7}"
EndProject
Project("{9A19103F-16F7-4668-BE54-9A1E7A4F7556}") = "DatabaseSampler.Application", "DatabaseSampler.Application\DatabaseSampler.Application.csproj", "{498C44BB-03A7-4D45-84EC-E9FA1C1BDB20}"
EndProject
Project("{9A19103F-16F7-4668-BE54-9A1E7A4F7556}") = "DatabaseSampler.Application.Tests", "DatabaseSampler.Application.Tests\DatabaseSampler.Application.Tests.csproj", "{80B6AFBF-4676-42B9-A653-C5C920623EB7}"
EndProject
Project("{2150E333-8FDC-42A3-9474-1A3956D46DE8}") = "Solution Items", "Solution Items", "{CD993871-73BB-495F-BBA4-EA848860D571}"
	ProjectSection(SolutionItems) = preProject
		Directory.Build.props = Directory.Build.props
		README.md = README.md
	EndProjectSection
EndProject
Project("{9A19103F-16F7-4668-BE54-9A1E7A4F7556}") = "DatabaseSampler.Functions", "DatabaseSampler.Functions\DatabaseSampler.Functions.csproj", "{266C4FF0-AFB5-4C45-86EB-7DF519DE4AF6}"
EndProject
Project("{2150E333-8FDC-42A3-9474-1A3956D46DE8}") = "containers", "containers", "{C821E8C8-85FD-4107-B816-339E3B6ABA45}"
	ProjectSection(SolutionItems) = preProject
		containers\docker-compose.yml = containers\docker-compose.yml
	EndProjectSection
EndProject
Global
	GlobalSection(SolutionConfigurationPlatforms) = preSolution
		Debug|Any CPU = Debug|Any CPU
		Release|Any CPU = Release|Any CPU
	EndGlobalSection
	GlobalSection(ProjectConfigurationPlatforms) = postSolution
		{96BB8313-489C-4A0B-9697-47DA5E9566A7}.Debug|Any CPU.ActiveCfg = Debug|Any CPU
		{96BB8313-489C-4A0B-9697-47DA5E9566A7}.Debug|Any CPU.Build.0 = Debug|Any CPU
		{96BB8313-489C-4A0B-9697-47DA5E9566A7}.Release|Any CPU.ActiveCfg = Release|Any CPU
		{96BB8313-489C-4A0B-9697-47DA5E9566A7}.Release|Any CPU.Build.0 = Release|Any CPU
		{498C44BB-03A7-4D45-84EC-E9FA1C1BDB20}.Debug|Any CPU.ActiveCfg = Debug|Any CPU
		{498C44BB-03A7-4D45-84EC-E9FA1C1BDB20}.Debug|Any CPU.Build.0 = Debug|Any CPU
		{498C44BB-03A7-4D45-84EC-E9FA1C1BDB20}.Release|Any CPU.ActiveCfg = Release|Any CPU
		{498C44BB-03A7-4D45-84EC-E9FA1C1BDB20}.Release|Any CPU.Build.0 = Release|Any CPU
		{80B6AFBF-4676-42B9-A653-C5C920623EB7}.Debug|Any CPU.ActiveCfg = Debug|Any CPU
		{80B6AFBF-4676-42B9-A653-C5C920623EB7}.Debug|Any CPU.Build.0 = Debug|Any CPU
		{80B6AFBF-4676-42B9-A653-C5C920623EB7}.Release|Any CPU.ActiveCfg = Release|Any CPU
		{80B6AFBF-4676-42B9-A653-C5C920623EB7}.Release|Any CPU.Build.0 = Release|Any CPU
		{266C4FF0-AFB5-4C45-86EB-7DF519DE4AF6}.Debug|Any CPU.ActiveCfg = Debug|Any CPU
		{266C4FF0-AFB5-4C45-86EB-7DF519DE4AF6}.Debug|Any CPU.Build.0 = Debug|Any CPU
		{266C4FF0-AFB5-4C45-86EB-7DF519DE4AF6}.Release|Any CPU.ActiveCfg = Release|Any CPU
		{266C4FF0-AFB5-4C45-86EB-7DF519DE4AF6}.Release|Any CPU.Build.0 = Release|Any CPU
	EndGlobalSection
	GlobalSection(SolutionProperties) = preSolution
		HideSolutionNode = FALSE
	EndGlobalSection
	GlobalSection(NestedProjects) = preSolution
		{C821E8C8-85FD-4107-B816-339E3B6ABA45} = {CD993871-73BB-495F-BBA4-EA848860D571}
	EndGlobalSection
	GlobalSection(ExtensibilityGlobals) = postSolution
		SolutionGuid = {62D0A3F3-C77F-4AF8-8F5D-A983A5EBDAD3}
	EndGlobalSection
EndGlobal
